
Microsoft Visual Studio Solution File, Format Version 12.00
# Visual Studio Version 17
VisualStudioVersion = 17.8.34309.116
MinimumVisualStudioVersion = 10.0.40219.1
Project("{FAE04EC0-301F-11D3-BF4B-00C04F79EFBC}") = "advent 2.12.15", "advent 2.12.15\advent 2.12.15.csproj", "{5FA6D184-70C9-43C2-908A-428D8B561FB8}"
EndProject
Global
	GlobalSection(SolutionConfigurationPlatforms) = preSolution
		Debug|Any CPU = Debug|Any CPU
		Release|Any CPU = Release|Any CPU
	EndGlobalSection
	GlobalSection(ProjectConfigurationPlatforms) = postSolution
		{5FA6D184-70C9-43C2-908A-428D8B561FB8}.Debug|Any CPU.ActiveCfg = Debug|Any CPU
		{5FA6D184-70C9-43C2-908A-428D8B561FB8}.Debug|Any CPU.Build.0 = Debug|Any CPU
		{5FA6D184-70C9-43C2-908A-428D8B561FB8}.Release|Any CPU.ActiveCfg = Release|Any CPU
		{5FA6D184-70C9-43C2-908A-428D8B561FB8}.Release|Any CPU.Build.0 = Release|Any CPU
	EndGlobalSection
	GlobalSection(SolutionProperties) = preSolution
		HideSolutionNode = FALSE
	EndGlobalSection
	GlobalSection(ExtensibilityGlobals) = postSolution
		SolutionGuid = {3700285F-DE4E-461D-B00C-E9270D5F0F62}
	EndGlobalSection
EndGlobal
